
Microsoft Visual Studio Solution File, Format Version 12.00
# Visual Studio Version 17
VisualStudioVersion = 17.14.36221.1 d17.14
MinimumVisualStudioVersion = 10.0.40219.1
Project("{FAE04EC0-301F-11D3-BF4B-00C04F79EFBC}") = "PortalSaudeConnect", "PortalSaudeConnect.csproj", "{E0F42EA0-D832-406A-BDBC-BE34FD73F547}"
EndProject
Global
	GlobalSection(SolutionConfigurationPlatforms) = preSolution
		Debug|Any CPU = Debug|Any CPU
		Release|Any CPU = Release|Any CPU
	EndGlobalSection
	GlobalSection(ProjectConfigurationPlatforms) = postSolution
		{E0F42EA0-D832-406A-BDBC-BE34FD73F547}.Debug|Any CPU.ActiveCfg = Debug|Any CPU
		{E0F42EA0-D832-406A-BDBC-BE34FD73F547}.Debug|Any CPU.Build.0 = Debug|Any CPU
		{E0F42EA0-D832-406A-BDBC-BE34FD73F547}.Release|Any CPU.ActiveCfg = Release|Any CPU
		{E0F42EA0-D832-406A-BDBC-BE34FD73F547}.Release|Any CPU.Build.0 = Release|Any CPU
	EndGlobalSection
	GlobalSection(SolutionProperties) = preSolution
		HideSolutionNode = FALSE
	EndGlobalSection
	GlobalSection(ExtensibilityGlobals) = postSolution
		SolutionGuid = {14E99097-49E1-4B70-AB6F-E2CBEB3A0CC8}
	EndGlobalSection
EndGlobal
